// !$*UTF8*$!
{
	archiveVersion = 1;
	classes = {
	};
	objectVersion = 46;
	objects = {

/* Begin PBXBuildFile section */
		D801E45019F4591600433BC6 /* JCLModel.m in Sources */ = {isa = PBXBuildFile; fileRef = D801E44F19F4591600433BC6 /* JCLModel.m */; };
		D801E47019F4704100433BC6 /* BryceCanyon01.jpg in Resources */ = {isa = PBXBuildFile; fileRef = D801E45419F4704100433BC6 /* BryceCanyon01.jpg */; };
		D801E47119F4704100433BC6 /* BryceCanyon02.jpg in Resources */ = {isa = PBXBuildFile; fileRef = D801E45519F4704100433BC6 /* BryceCanyon02.jpg */; };
		D801E47219F4704100433BC6 /* BryceCanyon03.jpg in Resources */ = {isa = PBXBuildFile; fileRef = D801E45619F4704100433BC6 /* BryceCanyon03.jpg */; };
		D801E47319F4704100433BC6 /* Carlsbad01.jpg in Resources */ = {isa = PBXBuildFile; fileRef = D801E45719F4704100433BC6 /* Carlsbad01.jpg */; };
		D801E47419F4704100433BC6 /* Carlsbad02.jpg in Resources */ = {isa = PBXBuildFile; fileRef = D801E45819F4704100433BC6 /* Carlsbad02.jpg */; };
		D801E47519F4704100433BC6 /* Carlsbad03.jpg in Resources */ = {isa = PBXBuildFile; fileRef = D801E45919F4704100433BC6 /* Carlsbad03.jpg */; };
		D801E47619F4704100433BC6 /* Carlsbad04.jpg in Resources */ = {isa = PBXBuildFile; fileRef = D801E45A19F4704100433BC6 /* Carlsbad04.jpg */; };
		D801E47719F4704100433BC6 /* Everglades01.jpg in Resources */ = {isa = PBXBuildFile; fileRef = D801E45B19F4704100433BC6 /* Everglades01.jpg */; };
		D801E47819F4704100433BC6 /* Everglades02.jpg in Resources */ = {isa = PBXBuildFile; fileRef = D801E45C19F4704100433BC6 /* Everglades02.jpg */; };
		D801E47919F4704100433BC6 /* Glacier01.jpg in Resources */ = {isa = PBXBuildFile; fileRef = D801E45D19F4704100433BC6 /* Glacier01.jpg */; };
		D801E47A19F4704100433BC6 /* Glacier02.jpg in Resources */ = {isa = PBXBuildFile; fileRef = D801E45E19F4704100433BC6 /* Glacier02.jpg */; };
		D801E47B19F4704100433BC6 /* Glacier03.jpg in Resources */ = {isa = PBXBuildFile; fileRef = D801E45F19F4704100433BC6 /* Glacier03.jpg */; };
		D801E47C19F4704100433BC6 /* Glacier04.jpg in Resources */ = {isa = PBXBuildFile; fileRef = D801E46019F4704100433BC6 /* Glacier04.jpg */; };
		D801E47D19F4704100433BC6 /* GrandTeton01.jpg in Resources */ = {isa = PBXBuildFile; fileRef = D801E46119F4704100433BC6 /* GrandTeton01.jpg */; };
		D801E47E19F4704100433BC6 /* GrandTeton02.jpg in Resources */ = {isa = PBXBuildFile; fileRef = D801E46219F4704100433BC6 /* GrandTeton02.jpg */; };
		D801E47F19F4704100433BC6 /* Yellowstone01.jpg in Resources */ = {isa = PBXBuildFile; fileRef = D801E46319F4704100433BC6 /* Yellowstone01.jpg */; };
		D801E48019F4704100433BC6 /* Yellowstone02.jpg in Resources */ = {isa = PBXBuildFile; fileRef = D801E46419F4704100433BC6 /* Yellowstone02.jpg */; };
		D801E48119F4704100433BC6 /* Yellowstone03.jpg in Resources */ = {isa = PBXBuildFile; fileRef = D801E46519F4704100433BC6 /* Yellowstone03.jpg */; };
		D801E48219F4704100433BC6 /* Yellowstone04.jpg in Resources */ = {isa = PBXBuildFile; fileRef = D801E46619F4704100433BC6 /* Yellowstone04.jpg */; };
		D801E48319F4704100433BC6 /* Yosemite01.jpg in Resources */ = {isa = PBXBuildFile; fileRef = D801E46719F4704100433BC6 /* Yosemite01.jpg */; };
		D801E48419F4704100433BC6 /* Yosemite02.jpg in Resources */ = {isa = PBXBuildFile; fileRef = D801E46819F4704100433BC6 /* Yosemite02.jpg */; };
		D801E48519F4704100433BC6 /* Yosemite03.jpg in Resources */ = {isa = PBXBuildFile; fileRef = D801E46919F4704100433BC6 /* Yosemite03.jpg */; };
		D801E48619F4704100433BC6 /* Yosemite04.jpg in Resources */ = {isa = PBXBuildFile; fileRef = D801E46A19F4704100433BC6 /* Yosemite04.jpg */; };
		D801E48719F4704100433BC6 /* Yosemite05.jpg in Resources */ = {isa = PBXBuildFile; fileRef = D801E46B19F4704100433BC6 /* Yosemite05.jpg */; };
		D801E48819F4704100433BC6 /* Yosemite06.jpg in Resources */ = {isa = PBXBuildFile; fileRef = D801E46C19F4704100433BC6 /* Yosemite06.jpg */; };
		D801E48919F4704100433BC6 /* Zion01.jpg in Resources */ = {isa = PBXBuildFile; fileRef = D801E46D19F4704100433BC6 /* Zion01.jpg */; };
		D801E48A19F4704100433BC6 /* Zion02.jpg in Resources */ = {isa = PBXBuildFile; fileRef = D801E46E19F4704100433BC6 /* Zion02.jpg */; };
		D801E48B19F4704100433BC6 /* Zion03.jpg in Resources */ = {isa = PBXBuildFile; fileRef = D801E46F19F4704100433BC6 /* Zion03.jpg */; };
		D817EF1319F453F50047F321 /* Foundation.framework in Frameworks */ = {isa = PBXBuildFile; fileRef = D817EF1219F453F50047F321 /* Foundation.framework */; };
		D817EF1519F453F50047F321 /* CoreGraphics.framework in Frameworks */ = {isa = PBXBuildFile; fileRef = D817EF1419F453F50047F321 /* CoreGraphics.framework */; };
		D817EF1719F453F50047F321 /* UIKit.framework in Frameworks */ = {isa = PBXBuildFile; fileRef = D817EF1619F453F50047F321 /* UIKit.framework */; };
		D817EF1D19F453F50047F321 /* InfoPlist.strings in Resources */ = {isa = PBXBuildFile; fileRef = D817EF1B19F453F50047F321 /* InfoPlist.strings */; };
		D817EF1F19F453F50047F321 /* main.m in Sources */ = {isa = PBXBuildFile; fileRef = D817EF1E19F453F50047F321 /* main.m */; };
		D817EF2319F453F50047F321 /* JCLAppDelegate.m in Sources */ = {isa = PBXBuildFile; fileRef = D817EF2219F453F50047F321 /* JCLAppDelegate.m */; };
		D817EF2619F453F50047F321 /* Main_iPhone.storyboard in Resources */ = {isa = PBXBuildFile; fileRef = D817EF2419F453F50047F321 /* Main_iPhone.storyboard */; };
		D817EF2919F453F50047F321 /* Main_iPad.storyboard in Resources */ = {isa = PBXBuildFile; fileRef = D817EF2719F453F50047F321 /* Main_iPad.storyboard */; };
		D817EF2C19F453F50047F321 /* JCLViewController.m in Sources */ = {isa = PBXBuildFile; fileRef = D817EF2B19F453F50047F321 /* JCLViewController.m */; };
		D817EF2E19F453F50047F321 /* Images.xcassets in Resources */ = {isa = PBXBuildFile; fileRef = D817EF2D19F453F50047F321 /* Images.xcassets */; };
		D817EF3519F453F50047F321 /* XCTest.framework in Frameworks */ = {isa = PBXBuildFile; fileRef = D817EF3419F453F50047F321 /* XCTest.framework */; };
		D817EF3619F453F50047F321 /* Foundation.framework in Frameworks */ = {isa = PBXBuildFile; fileRef = D817EF1219F453F50047F321 /* Foundation.framework */; };
		D817EF3719F453F50047F321 /* UIKit.framework in Frameworks */ = {isa = PBXBuildFile; fileRef = D817EF1619F453F50047F321 /* UIKit.framework */; };
		D817EF3F19F453F50047F321 /* InfoPlist.strings in Resources */ = {isa = PBXBuildFile; fileRef = D817EF3D19F453F50047F321 /* InfoPlist.strings */; };
		D817EF4119F453F50047F321 /* PhotoViewerTests.m in Sources */ = {isa = PBXBuildFile; fileRef = D817EF4019F453F50047F321 /* PhotoViewerTests.m */; };
		D81C239219F9A28700BE4A22 /* Photos.plist in Resources */ = {isa = PBXBuildFile; fileRef = D81C239119F9A28700BE4A22 /* Photos.plist */; };
/* End PBXBuildFile section */

/* Begin PBXContainerItemProxy section */
		D817EF3819F453F50047F321 /* PBXContainerItemProxy */ = {
			isa = PBXContainerItemProxy;
			containerPortal = D817EF0719F453F50047F321 /* Project object */;
			proxyType = 1;
			remoteGlobalIDString = D817EF0E19F453F50047F321;
			remoteInfo = PhotoViewer;
		};
/* End PBXContainerItemProxy section */

/* Begin PBXFileReference section */
		D801E44E19F4591600433BC6 /* JCLModel.h */ = {isa = PBXFileReference; fileEncoding = 4; lastKnownFileType = sourcecode.c.h; path = JCLModel.h; sourceTree = "<group>"; };
		D801E44F19F4591600433BC6 /* JCLModel.m */ = {isa = PBXFileReference; fileEncoding = 4; lastKnownFileType = sourcecode.c.objc; path = JCLModel.m; sourceTree = "<group>"; };
		D801E45419F4704100433BC6 /* BryceCanyon01.jpg */ = {isa = PBXFileReference; lastKnownFileType = image.jpeg; path = BryceCanyon01.jpg; sourceTree = "<group>"; };
		D801E45519F4704100433BC6 /* BryceCanyon02.jpg */ = {isa = PBXFileReference; lastKnownFileType = image.jpeg; path = BryceCanyon02.jpg; sourceTree = "<group>"; };
		D801E45619F4704100433BC6 /* BryceCanyon03.jpg */ = {isa = PBXFileReference; lastKnownFileType = image.jpeg; path = BryceCanyon03.jpg; sourceTree = "<group>"; };
		D801E45719F4704100433BC6 /* Carlsbad01.jpg */ = {isa = PBXFileReference; lastKnownFileType = image.jpeg; path = Carlsbad01.jpg; sourceTree = "<group>"; };
		D801E45819F4704100433BC6 /* Carlsbad02.jpg */ = {isa = PBXFileReference; lastKnownFileType = image.jpeg; path = Carlsbad02.jpg; sourceTree = "<group>"; };
		D801E45919F4704100433BC6 /* Carlsbad03.jpg */ = {isa = PBXFileReference; lastKnownFileType = image.jpeg; path = Carlsbad03.jpg; sourceTree = "<group>"; };
		D801E45A19F4704100433BC6 /* Carlsbad04.jpg */ = {isa = PBXFileReference; lastKnownFileType = image.jpeg; path = Carlsbad04.jpg; sourceTree = "<group>"; };
		D801E45B19F4704100433BC6 /* Everglades01.jpg */ = {isa = PBXFileReference; lastKnownFileType = image.jpeg; path = Everglades01.jpg; sourceTree = "<group>"; };
		D801E45C19F4704100433BC6 /* Everglades02.jpg */ = {isa = PBXFileReference; lastKnownFileType = image.jpeg; path = Everglades02.jpg; sourceTree = "<group>"; };
		D801E45D19F4704100433BC6 /* Glacier01.jpg */ = {isa = PBXFileReference; lastKnownFileType = image.jpeg; path = Glacier01.jpg; sourceTree = "<group>"; };
		D801E45E19F4704100433BC6 /* Glacier02.jpg */ = {isa = PBXFileReference; lastKnownFileType = image.jpeg; path = Glacier02.jpg; sourceTree = "<group>"; };
		D801E45F19F4704100433BC6 /* Glacier03.jpg */ = {isa = PBXFileReference; lastKnownFileType = image.jpeg; path = Glacier03.jpg; sourceTree = "<group>"; };
		D801E46019F4704100433BC6 /* Glacier04.jpg */ = {isa = PBXFileReference; lastKnownFileType = image.jpeg; path = Glacier04.jpg; sourceTree = "<group>"; };
		D801E46119F4704100433BC6 /* GrandTeton01.jpg */ = {isa = PBXFileReference; lastKnownFileType = image.jpeg; path = GrandTeton01.jpg; sourceTree = "<group>"; };
		D801E46219F4704100433BC6 /* GrandTeton02.jpg */ = {isa = PBXFileReference; lastKnownFileType = image.jpeg; path = GrandTeton02.jpg; sourceTree = "<group>"; };
		D801E46319F4704100433BC6 /* Yellowstone01.jpg */ = {isa = PBXFileReference; lastKnownFileType = image.jpeg; path = Yellowstone01.jpg; sourceTree = "<group>"; };
		D801E46419F4704100433BC6 /* Yellowstone02.jpg */ = {isa = PBXFileReference; lastKnownFileType = image.jpeg; path = Yellowstone02.jpg; sourceTree = "<group>"; };
		D801E46519F4704100433BC6 /* Yellowstone03.jpg */ = {isa = PBXFileReference; lastKnownFileType = image.jpeg; path = Yellowstone03.jpg; sourceTree = "<group>"; };
		D801E46619F4704100433BC6 /* Yellowstone04.jpg */ = {isa = PBXFileReference; lastKnownFileType = image.jpeg; path = Yellowstone04.jpg; sourceTree = "<group>"; };
		D801E46719F4704100433BC6 /* Yosemite01.jpg */ = {isa = PBXFileReference; lastKnownFileType = image.jpeg; path = Yosemite01.jpg; sourceTree = "<group>"; };
		D801E46819F4704100433BC6 /* Yosemite02.jpg */ = {isa = PBXFileReference; lastKnownFileType = image.jpeg; path = Yosemite02.jpg; sourceTree = "<group>"; };
		D801E46919F4704100433BC6 /* Yosemite03.jpg */ = {isa = PBXFileReference; lastKnownFileType = image.jpeg; path = Yosemite03.jpg; sourceTree = "<group>"; };
		D801E46A19F4704100433BC6 /* Yosemite04.jpg */ = {isa = PBXFileReference; lastKnownFileType = image.jpeg; path = Yosemite04.jpg; sourceTree = "<group>"; };
		D801E46B19F4704100433BC6 /* Yosemite05.jpg */ = {isa = PBXFileReference; lastKnownFileType = image.jpeg; path = Yosemite05.jpg; sourceTree = "<group>"; };
		D801E46C19F4704100433BC6 /* Yosemite06.jpg */ = {isa = PBXFileReference; lastKnownFileType = image.jpeg; path = Yosemite06.jpg; sourceTree = "<group>"; };
		D801E46D19F4704100433BC6 /* Zion01.jpg */ = {isa = PBXFileReference; lastKnownFileType = image.jpeg; path = Zion01.jpg; sourceTree = "<group>"; };
		D801E46E19F4704100433BC6 /* Zion02.jpg */ = {isa = PBXFileReference; lastKnownFileType = image.jpeg; path = Zion02.jpg; sourceTree = "<group>"; };
		D801E46F19F4704100433BC6 /* Zion03.jpg */ = {isa = PBXFileReference; lastKnownFileType = image.jpeg; path = Zion03.jpg; sourceTree = "<group>"; };
		D817EF0F19F453F50047F321 /* PhotoViewer.app */ = {isa = PBXFileReference; explicitFileType = wrapper.application; includeInIndex = 0; path = PhotoViewer.app; sourceTree = BUILT_PRODUCTS_DIR; };
		D817EF1219F453F50047F321 /* Foundation.framework */ = {isa = PBXFileReference; lastKnownFileType = wrapper.framework; name = Foundation.framework; path = System/Library/Frameworks/Foundation.framework; sourceTree = SDKROOT; };
		D817EF1419F453F50047F321 /* CoreGraphics.framework */ = {isa = PBXFileReference; lastKnownFileType = wrapper.framework; name = CoreGraphics.framework; path = System/Library/Frameworks/CoreGraphics.framework; sourceTree = SDKROOT; };
		D817EF1619F453F50047F321 /* UIKit.framework */ = {isa = PBXFileReference; lastKnownFileType = wrapper.framework; name = UIKit.framework; path = System/Library/Frameworks/UIKit.framework; sourceTree = SDKROOT; };
		D817EF1A19F453F50047F321 /* PhotoViewer-Info.plist */ = {isa = PBXFileReference; lastKnownFileType = text.plist.xml; path = "PhotoViewer-Info.plist"; sourceTree = "<group>"; };
		D817EF1C19F453F50047F321 /* en */ = {isa = PBXFileReference; lastKnownFileType = text.plist.strings; name = en; path = en.lproj/InfoPlist.strings; sourceTree = "<group>"; };
		D817EF1E19F453F50047F321 /* main.m */ = {isa = PBXFileReference; lastKnownFileType = sourcecode.c.objc; path = main.m; sourceTree = "<group>"; };
		D817EF2019F453F50047F321 /* PhotoViewer-Prefix.pch */ = {isa = PBXFileReference; lastKnownFileType = sourcecode.c.h; path = "PhotoViewer-Prefix.pch"; sourceTree = "<group>"; };
		D817EF2119F453F50047F321 /* JCLAppDelegate.h */ = {isa = PBXFileReference; lastKnownFileType = sourcecode.c.h; path = JCLAppDelegate.h; sourceTree = "<group>"; };
		D817EF2219F453F50047F321 /* JCLAppDelegate.m */ = {isa = PBXFileReference; lastKnownFileType = sourcecode.c.objc; path = JCLAppDelegate.m; sourceTree = "<group>"; };
		D817EF2519F453F50047F321 /* Base */ = {isa = PBXFileReference; lastKnownFileType = file.storyboard; name = Base; path = Base.lproj/Main_iPhone.storyboard; sourceTree = "<group>"; };
		D817EF2819F453F50047F321 /* Base */ = {isa = PBXFileReference; lastKnownFileType = file.storyboard; name = Base; path = Base.lproj/Main_iPad.storyboard; sourceTree = "<group>"; };
		D817EF2A19F453F50047F321 /* JCLViewController.h */ = {isa = PBXFileReference; lastKnownFileType = sourcecode.c.h; path = JCLViewController.h; sourceTree = "<group>"; };
		D817EF2B19F453F50047F321 /* JCLViewController.m */ = {isa = PBXFileReference; lastKnownFileType = sourcecode.c.objc; path = JCLViewController.m; sourceTree = "<group>"; };
		D817EF2D19F453F50047F321 /* Images.xcassets */ = {isa = PBXFileReference; lastKnownFileType = folder.assetcatalog; path = Images.xcassets; sourceTree = "<group>"; };
		D817EF3319F453F50047F321 /* PhotoViewerTests.xctest */ = {isa = PBXFileReference; explicitFileType = wrapper.cfbundle; includeInIndex = 0; path = PhotoViewerTests.xctest; sourceTree = BUILT_PRODUCTS_DIR; };
		D817EF3419F453F50047F321 /* XCTest.framework */ = {isa = PBXFileReference; lastKnownFileType = wrapper.framework; name = XCTest.framework; path = Library/Frameworks/XCTest.framework; sourceTree = DEVELOPER_DIR; };
		D817EF3C19F453F50047F321 /* PhotoViewerTests-Info.plist */ = {isa = PBXFileReference; lastKnownFileType = text.plist.xml; path = "PhotoViewerTests-Info.plist"; sourceTree = "<group>"; };
		D817EF3E19F453F50047F321 /* en */ = {isa = PBXFileReference; lastKnownFileType = text.plist.strings; name = en; path = en.lproj/InfoPlist.strings; sourceTree = "<group>"; };
		D817EF4019F453F50047F321 /* PhotoViewerTests.m */ = {isa = PBXFileReference; lastKnownFileType = sourcecode.c.objc; path = PhotoViewerTests.m; sourceTree = "<group>"; };
		D81C239119F9A28700BE4A22 /* Photos.plist */ = {isa = PBXFileReference; fileEncoding = 4; lastKnownFileType = text.plist.xml; path = Photos.plist; sourceTree = "<group>"; };
/* End PBXFileReference section */

/* Begin PBXFrameworksBuildPhase section */
		D817EF0C19F453F50047F321 /* Frameworks */ = {
			isa = PBXFrameworksBuildPhase;
			buildActionMask = 2147483647;
			files = (
				D817EF1519F453F50047F321 /* CoreGraphics.framework in Frameworks */,
				D817EF1719F453F50047F321 /* UIKit.framework in Frameworks */,
				D817EF1319F453F50047F321 /* Foundation.framework in Frameworks */,
			);
			runOnlyForDeploymentPostprocessing = 0;
		};
		D817EF3019F453F50047F321 /* Frameworks */ = {
			isa = PBXFrameworksBuildPhase;
			buildActionMask = 2147483647;
			files = (
				D817EF3519F453F50047F321 /* XCTest.framework in Frameworks */,
				D817EF3719F453F50047F321 /* UIKit.framework in Frameworks */,
				D817EF3619F453F50047F321 /* Foundation.framework in Frameworks */,
			);
			runOnlyForDeploymentPostprocessing = 0;
		};
/* End PBXFrameworksBuildPhase section */

/* Begin PBXGroup section */
		D801E45319F4704100433BC6 /* Photos */ = {
			isa = PBXGroup;
			children = (
				D801E45419F4704100433BC6 /* BryceCanyon01.jpg */,
				D801E45519F4704100433BC6 /* BryceCanyon02.jpg */,
				D801E45619F4704100433BC6 /* BryceCanyon03.jpg */,
				D801E45719F4704100433BC6 /* Carlsbad01.jpg */,
				D801E45819F4704100433BC6 /* Carlsbad02.jpg */,
				D801E45919F4704100433BC6 /* Carlsbad03.jpg */,
				D801E45A19F4704100433BC6 /* Carlsbad04.jpg */,
				D801E45B19F4704100433BC6 /* Everglades01.jpg */,
				D801E45C19F4704100433BC6 /* Everglades02.jpg */,
				D801E45D19F4704100433BC6 /* Glacier01.jpg */,
				D801E45E19F4704100433BC6 /* Glacier02.jpg */,
				D801E45F19F4704100433BC6 /* Glacier03.jpg */,
				D801E46019F4704100433BC6 /* Glacier04.jpg */,
				D801E46119F4704100433BC6 /* GrandTeton01.jpg */,
				D801E46219F4704100433BC6 /* GrandTeton02.jpg */,
				D801E46319F4704100433BC6 /* Yellowstone01.jpg */,
				D801E46419F4704100433BC6 /* Yellowstone02.jpg */,
				D801E46519F4704100433BC6 /* Yellowstone03.jpg */,
				D801E46619F4704100433BC6 /* Yellowstone04.jpg */,
				D801E46719F4704100433BC6 /* Yosemite01.jpg */,
				D801E46819F4704100433BC6 /* Yosemite02.jpg */,
				D801E46919F4704100433BC6 /* Yosemite03.jpg */,
				D801E46A19F4704100433BC6 /* Yosemite04.jpg */,
				D801E46B19F4704100433BC6 /* Yosemite05.jpg */,
				D801E46C19F4704100433BC6 /* Yosemite06.jpg */,
				D801E46D19F4704100433BC6 /* Zion01.jpg */,
				D801E46E19F4704100433BC6 /* Zion02.jpg */,
				D801E46F19F4704100433BC6 /* Zion03.jpg */,
			);
			path = Photos;
			sourceTree = "<group>";
		};
		D817EF0619F453F50047F321 = {
			isa = PBXGroup;
			children = (
				D817EF1819F453F50047F321 /* PhotoViewer */,
				D817EF3A19F453F50047F321 /* PhotoViewerTests */,
				D817EF1119F453F50047F321 /* Frameworks */,
				D817EF1019F453F50047F321 /* Products */,
			);
			sourceTree = "<group>";
		};
		D817EF1019F453F50047F321 /* Products */ = {
			isa = PBXGroup;
			children = (
				D817EF0F19F453F50047F321 /* PhotoViewer.app */,
				D817EF3319F453F50047F321 /* PhotoViewerTests.xctest */,
			);
			name = Products;
			sourceTree = "<group>";
		};
		D817EF1119F453F50047F321 /* Frameworks */ = {
			isa = PBXGroup;
			children = (
				D817EF1219F453F50047F321 /* Foundation.framework */,
				D817EF1419F453F50047F321 /* CoreGraphics.framework */,
				D817EF1619F453F50047F321 /* UIKit.framework */,
				D817EF3419F453F50047F321 /* XCTest.framework */,
			);
			name = Frameworks;
			sourceTree = "<group>";
		};
		D817EF1819F453F50047F321 /* PhotoViewer */ = {
			isa = PBXGroup;
			children = (
				D801E45319F4704100433BC6 /* Photos */,
				D817EF2119F453F50047F321 /* JCLAppDelegate.h */,
				D817EF2219F453F50047F321 /* JCLAppDelegate.m */,
				D817EF2419F453F50047F321 /* Main_iPhone.storyboard */,
				D817EF2719F453F50047F321 /* Main_iPad.storyboard */,
				D817EF2A19F453F50047F321 /* JCLViewController.h */,
				D817EF2B19F453F50047F321 /* JCLViewController.m */,
				D817EF2D19F453F50047F321 /* Images.xcassets */,
				D817EF1919F453F50047F321 /* Supporting Files */,
				D801E44E19F4591600433BC6 /* JCLModel.h */,
				D801E44F19F4591600433BC6 /* JCLModel.m */,
			);
			path = PhotoViewer;
			sourceTree = "<group>";
		};
		D817EF1919F453F50047F321 /* Supporting Files */ = {
			isa = PBXGroup;
			children = (
				D81C239119F9A28700BE4A22 /* Photos.plist */,
				D817EF1A19F453F50047F321 /* PhotoViewer-Info.plist */,
				D817EF1B19F453F50047F321 /* InfoPlist.strings */,
				D817EF1E19F453F50047F321 /* main.m */,
				D817EF2019F453F50047F321 /* PhotoViewer-Prefix.pch */,
			);
			name = "Supporting Files";
			sourceTree = "<group>";
		};
		D817EF3A19F453F50047F321 /* PhotoViewerTests */ = {
			isa = PBXGroup;
			children = (
				D817EF4019F453F50047F321 /* PhotoViewerTests.m */,
				D817EF3B19F453F50047F321 /* Supporting Files */,
			);
			path = PhotoViewerTests;
			sourceTree = "<group>";
		};
		D817EF3B19F453F50047F321 /* Supporting Files */ = {
			isa = PBXGroup;
			children = (
				D817EF3C19F453F50047F321 /* PhotoViewerTests-Info.plist */,
				D817EF3D19F453F50047F321 /* InfoPlist.strings */,
			);
			name = "Supporting Files";
			sourceTree = "<group>";
		};
/* End PBXGroup section */

/* Begin PBXNativeTarget section */
		D817EF0E19F453F50047F321 /* PhotoViewer */ = {
			isa = PBXNativeTarget;
			buildConfigurationList = D817EF4419F453F50047F321 /* Build configuration list for PBXNativeTarget "PhotoViewer" */;
			buildPhases = (
				D817EF0B19F453F50047F321 /* Sources */,
				D817EF0C19F453F50047F321 /* Frameworks */,
				D817EF0D19F453F50047F321 /* Resources */,
			);
			buildRules = (
			);
			dependencies = (
			);
			name = PhotoViewer;
			productName = PhotoViewer;
			productReference = D817EF0F19F453F50047F321 /* PhotoViewer.app */;
			productType = "com.apple.product-type.application";
		};
		D817EF3219F453F50047F321 /* PhotoViewerTests */ = {
			isa = PBXNativeTarget;
			buildConfigurationList = D817EF4719F453F50047F321 /* Build configuration list for PBXNativeTarget "PhotoViewerTests" */;
			buildPhases = (
				D817EF2F19F453F50047F321 /* Sources */,
				D817EF3019F453F50047F321 /* Frameworks */,
				D817EF3119F453F50047F321 /* Resources */,
			);
			buildRules = (
			);
			dependencies = (
				D817EF3919F453F50047F321 /* PBXTargetDependency */,
			);
			name = PhotoViewerTests;
			productName = PhotoViewerTests;
			productReference = D817EF3319F453F50047F321 /* PhotoViewerTests.xctest */;
			productType = "com.apple.product-type.bundle.unit-test";
		};
/* End PBXNativeTarget section */

/* Begin PBXProject section */
		D817EF0719F453F50047F321 /* Project object */ = {
			isa = PBXProject;
			attributes = {
				CLASSPREFIX = JCL;
				LastUpgradeCheck = 0510;
				ORGANIZATIONNAME = "Joshua Lee";
				TargetAttributes = {
					D817EF3219F453F50047F321 = {
						TestTargetID = D817EF0E19F453F50047F321;
					};
				};
			};
			buildConfigurationList = D817EF0A19F453F50047F321 /* Build configuration list for PBXProject "PhotoViewer" */;
			compatibilityVersion = "Xcode 3.2";
			developmentRegion = English;
			hasScannedForEncodings = 0;
			knownRegions = (
				en,
				Base,
			);
			mainGroup = D817EF0619F453F50047F321;
			productRefGroup = D817EF1019F453F50047F321 /* Products */;
			projectDirPath = "";
			projectRoot = "";
			targets = (
				D817EF0E19F453F50047F321 /* PhotoViewer */,
				D817EF3219F453F50047F321 /* PhotoViewerTests */,
			);
		};
/* End PBXProject section */

/* Begin PBXResourcesBuildPhase section */
		D817EF0D19F453F50047F321 /* Resources */ = {
			isa = PBXResourcesBuildPhase;
			buildActionMask = 2147483647;
			files = (
				D801E48419F4704100433BC6 /* Yosemite02.jpg in Resources */,
				D801E47219F4704100433BC6 /* BryceCanyon03.jpg in Resources */,
				D801E47819F4704100433BC6 /* Everglades02.jpg in Resources */,
				D801E47919F4704100433BC6 /* Glacier01.jpg in Resources */,
				D801E48B19F4704100433BC6 /* Zion03.jpg in Resources */,
				D81C239219F9A28700BE4A22 /* Photos.plist in Resources */,
				D801E48619F4704100433BC6 /* Yosemite04.jpg in Resources */,
				D801E47F19F4704100433BC6 /* Yellowstone01.jpg in Resources */,
				D801E48819F4704100433BC6 /* Yosemite06.jpg in Resources */,
				D801E48119F4704100433BC6 /* Yellowstone03.jpg in Resources */,
				D801E47D19F4704100433BC6 /* GrandTeton01.jpg in Resources */,
				D801E47419F4704100433BC6 /* Carlsbad02.jpg in Resources */,
				D801E48919F4704100433BC6 /* Zion01.jpg in Resources */,
				D817EF2919F453F50047F321 /* Main_iPad.storyboard in Resources */,
				D801E47A19F4704100433BC6 /* Glacier02.jpg in Resources */,
				D801E48719F4704100433BC6 /* Yosemite05.jpg in Resources */,
				D801E48219F4704100433BC6 /* Yellowstone04.jpg in Resources */,
				D817EF2E19F453F50047F321 /* Images.xcassets in Resources */,
				D801E47B19F4704100433BC6 /* Glacier03.jpg in Resources */,
				D801E47719F4704100433BC6 /* Everglades01.jpg in Resources */,
				D801E47319F4704100433BC6 /* Carlsbad01.jpg in Resources */,
				D801E47119F4704100433BC6 /* BryceCanyon02.jpg in Resources */,
				D817EF2619F453F50047F321 /* Main_iPhone.storyboard in Resources */,
				D801E48319F4704100433BC6 /* Yosemite01.jpg in Resources */,
				D817EF1D19F453F50047F321 /* InfoPlist.strings in Resources */,
				D801E48019F4704100433BC6 /* Yellowstone02.jpg in Resources */,
				D801E47019F4704100433BC6 /* BryceCanyon01.jpg in Resources */,
				D801E48519F4704100433BC6 /* Yosemite03.jpg in Resources */,
				D801E47619F4704100433BC6 /* Carlsbad04.jpg in Resources */,
				D801E48A19F4704100433BC6 /* Zion02.jpg in Resources */,
				D801E47519F4704100433BC6 /* Carlsbad03.jpg in Resources */,
				D801E47C19F4704100433BC6 /* Glacier04.jpg in Resources */,
				D801E47E19F4704100433BC6 /* GrandTeton02.jpg in Resources */,
			);
			runOnlyForDeploymentPostprocessing = 0;
		};
		D817EF3119F453F50047F321 /* Resources */ = {
			isa = PBXResourcesBuildPhase;
			buildActionMask = 2147483647;
			files = (
				D817EF3F19F453F50047F321 /* InfoPlist.strings in Resources */,
			);
			runOnlyForDeploymentPostprocessing = 0;
		};
/* End PBXResourcesBuildPhase section */

/* Begin PBXSourcesBuildPhase section */
		D817EF0B19F453F50047F321 /* Sources */ = {
			isa = PBXSourcesBuildPhase;
			buildActionMask = 2147483647;
			files = (
				D817EF2319F453F50047F321 /* JCLAppDelegate.m in Sources */,
				D817EF2C19F453F50047F321 /* JCLViewController.m in Sources */,
				D817EF1F19F453F50047F321 /* main.m in Sources */,
				D801E45019F4591600433BC6 /* JCLModel.m in Sources */,
			);
			runOnlyForDeploymentPostprocessing = 0;
		};
		D817EF2F19F453F50047F321 /* Sources */ = {
			isa = PBXSourcesBuildPhase;
			buildActionMask = 2147483647;
			files = (
				D817EF4119F453F50047F321 /* PhotoViewerTests.m in Sources */,
			);
			runOnlyForDeploymentPostprocessing = 0;
		};
/* End PBXSourcesBuildPhase section */

/* Begin PBXTargetDependency section */
		D817EF3919F453F50047F321 /* PBXTargetDependency */ = {
			isa = PBXTargetDependency;
			target = D817EF0E19F453F50047F321 /* PhotoViewer */;
			targetProxy = D817EF3819F453F50047F321 /* PBXContainerItemProxy */;
		};
/* End PBXTargetDependency section */

/* Begin PBXVariantGroup section */
		D817EF1B19F453F50047F321 /* InfoPlist.strings */ = {
			isa = PBXVariantGroup;
			children = (
				D817EF1C19F453F50047F321 /* en */,
			);
			name = InfoPlist.strings;
			sourceTree = "<group>";
		};
		D817EF2419F453F50047F321 /* Main_iPhone.storyboard */ = {
			isa = PBXVariantGroup;
			children = (
				D817EF2519F453F50047F321 /* Base */,
			);
			name = Main_iPhone.storyboard;
			sourceTree = "<group>";
		};
		D817EF2719F453F50047F321 /* Main_iPad.storyboard */ = {
			isa = PBXVariantGroup;
			children = (
				D817EF2819F453F50047F321 /* Base */,
			);
			name = Main_iPad.storyboard;
			sourceTree = "<group>";
		};
		D817EF3D19F453F50047F321 /* InfoPlist.strings */ = {
			isa = PBXVariantGroup;
			children = (
				D817EF3E19F453F50047F321 /* en */,
			);
			name = InfoPlist.strings;
			sourceTree = "<group>";
		};
/* End PBXVariantGroup section */

/* Begin XCBuildConfiguration section */
		D817EF4219F453F50047F321 /* Debug */ = {
			isa = XCBuildConfiguration;
			buildSettings = {
				ALWAYS_SEARCH_USER_PATHS = NO;
				CLANG_CXX_LANGUAGE_STANDARD = "gnu++0x";
				CLANG_CXX_LIBRARY = "libc++";
				CLANG_ENABLE_MODULES = YES;
				CLANG_ENABLE_OBJC_ARC = YES;
				CLANG_WARN_BOOL_CONVERSION = YES;
				CLANG_WARN_CONSTANT_CONVERSION = YES;
				CLANG_WARN_DIRECT_OBJC_ISA_USAGE = YES_ERROR;
				CLANG_WARN_EMPTY_BODY = YES;
				CLANG_WARN_ENUM_CONVERSION = YES;
				CLANG_WARN_INT_CONVERSION = YES;
				CLANG_WARN_OBJC_ROOT_CLASS = YES_ERROR;
				CLANG_WARN__DUPLICATE_METHOD_MATCH = YES;
				"CODE_SIGN_IDENTITY[sdk=iphoneos*]" = "iPhone Developer";
				COPY_PHASE_STRIP = NO;
				GCC_C_LANGUAGE_STANDARD = gnu99;
				GCC_DYNAMIC_NO_PIC = NO;
				GCC_OPTIMIZATION_LEVEL = 0;
				GCC_PREPROCESSOR_DEFINITIONS = (
					"DEBUG=1",
					"$(inherited)",
				);
				GCC_SYMBOLS_PRIVATE_EXTERN = NO;
				GCC_WARN_64_TO_32_BIT_CONVERSION = YES;
				GCC_WARN_ABOUT_RETURN_TYPE = YES_ERROR;
				GCC_WARN_UNDECLARED_SELECTOR = YES;
				GCC_WARN_UNINITIALIZED_AUTOS = YES_AGGRESSIVE;
				GCC_WARN_UNUSED_FUNCTION = YES;
				GCC_WARN_UNUSED_VARIABLE = YES;
				IPHONEOS_DEPLOYMENT_TARGET = 7.1;
				ONLY_ACTIVE_ARCH = YES;
				SDKROOT = iphoneos;
				TARGETED_DEVICE_FAMILY = "1,2";
			};
			name = Debug;
		};
		D817EF4319F453F50047F321 /* Release */ = {
			isa = XCBuildConfiguration;
			buildSettings = {
				ALWAYS_SEARCH_USER_PATHS = NO;
				CLANG_CXX_LANGUAGE_STANDARD = "gnu++0x";
				CLANG_CXX_LIBRARY = "libc++";
				CLANG_ENABLE_MODULES = YES;
				CLANG_ENABLE_OBJC_ARC = YES;
				CLANG_WARN_BOOL_CONVERSION = YES;
				CLANG_WARN_CONSTANT_CONVERSION = YES;
				CLANG_WARN_DIRECT_OBJC_ISA_USAGE = YES_ERROR;
				CLANG_WARN_EMPTY_BODY = YES;
				CLANG_WARN_ENUM_CONVERSION = YES;
				CLANG_WARN_INT_CONVERSION = YES;
				CLANG_WARN_OBJC_ROOT_CLASS = YES_ERROR;
				CLANG_WARN__DUPLICATE_METHOD_MATCH = YES;
				"CODE_SIGN_IDENTITY[sdk=iphoneos*]" = "iPhone Developer";
				COPY_PHASE_STRIP = YES;
				ENABLE_NS_ASSERTIONS = NO;
				GCC_C_LANGUAGE_STANDARD = gnu99;
				GCC_WARN_64_TO_32_BIT_CONVERSION = YES;
				GCC_WARN_ABOUT_RETURN_TYPE = YES_ERROR;
				GCC_WARN_UNDECLARED_SELECTOR = YES;
				GCC_WARN_UNINITIALIZED_AUTOS = YES_AGGRESSIVE;
				GCC_WARN_UNUSED_FUNCTION = YES;
				GCC_WARN_UNUSED_VARIABLE = YES;
				IPHONEOS_DEPLOYMENT_TARGET = 7.1;
				SDKROOT = iphoneos;
				TARGETED_DEVICE_FAMILY = "1,2";
				VALIDATE_PRODUCT = YES;
			};
			name = Release;
		};
		D817EF4519F453F50047F321 /* Debug */ = {
			isa = XCBuildConfiguration;
			buildSettings = {
				ASSETCATALOG_COMPILER_APPICON_NAME = AppIcon;
				ASSETCATALOG_COMPILER_LAUNCHIMAGE_NAME = LaunchImage;
				GCC_PRECOMPILE_PREFIX_HEADER = YES;
				GCC_PREFIX_HEADER = "PhotoViewer/PhotoViewer-Prefix.pch";
				INFOPLIST_FILE = "PhotoViewer/PhotoViewer-Info.plist";
				PRODUCT_NAME = "$(TARGET_NAME)";
				WRAPPER_EXTENSION = app;
			};
			name = Debug;
		};
		D817EF4619F453F50047F321 /* Release */ = {
			isa = XCBuildConfiguration;
			buildSettings = {
				ASSETCATALOG_COMPILER_APPICON_NAME = AppIcon;
				ASSETCATALOG_COMPILER_LAUNCHIMAGE_NAME = LaunchImage;
				GCC_PRECOMPILE_PREFIX_HEADER = YES;
				GCC_PREFIX_HEADER = "PhotoViewer/PhotoViewer-Prefix.pch";
				INFOPLIST_FILE = "PhotoViewer/PhotoViewer-Info.plist";
				PRODUCT_NAME = "$(TARGET_NAME)";
				WRAPPER_EXTENSION = app;
			};
			name = Release;
		};
		D817EF4819F453F50047F321 /* Debug */ = {
			isa = XCBuildConfiguration;
			buildSettings = {
				BUNDLE_LOADER = "$(BUILT_PRODUCTS_DIR)/PhotoViewer.app/PhotoViewer";
				FRAMEWORK_SEARCH_PATHS = (
					"$(SDKROOT)/Developer/Library/Frameworks",
					"$(inherited)",
					"$(DEVELOPER_FRAMEWORKS_DIR)",
				);
				GCC_PRECOMPILE_PREFIX_HEADER = YES;
				GCC_PREFIX_HEADER = "PhotoViewer/PhotoViewer-Prefix.pch";
				GCC_PREPROCESSOR_DEFINITIONS = (
					"DEBUG=1",
					"$(inherited)",
				);
				INFOPLIST_FILE = "PhotoViewerTests/PhotoViewerTests-Info.plist";
				PRODUCT_NAME = "$(TARGET_NAME)";
				TEST_HOST = "$(BUNDLE_LOADER)";
				WRAPPER_EXTENSION = xctest;
			};
			name = Debug;
		};
		D817EF4919F453F50047F321 /* Release */ = {
			isa = XCBuildConfiguration;
			buildSettings = {
				BUNDLE_LOADER = "$(BUILT_PRODUCTS_DIR)/PhotoViewer.app/PhotoViewer";
				FRAMEWORK_SEARCH_PATHS = (
					"$(SDKROOT)/Developer/Library/Frameworks",
					"$(inherited)",
					"$(DEVELOPER_FRAMEWORKS_DIR)",
				);
				GCC_PRECOMPILE_PREFIX_HEADER = YES;
				GCC_PREFIX_HEADER = "PhotoViewer/PhotoViewer-Prefix.pch";
				INFOPLIST_FILE = "PhotoViewerTests/PhotoViewerTests-Info.plist";
				PRODUCT_NAME = "$(TARGET_NAME)";
				TEST_HOST = "$(BUNDLE_LOADER)";
				WRAPPER_EXTENSION = xctest;
			};
			name = Release;
		};
/* End XCBuildConfiguration section */

/* Begin XCConfigurationList section */
		D817EF0A19F453F50047F321 /* Build configuration list for PBXProject "PhotoViewer" */ = {
			isa = XCConfigurationList;
			buildConfigurations = (
				D817EF4219F453F50047F321 /* Debug */,
				D817EF4319F453F50047F321 /* Release */,
			);
			defaultConfigurationIsVisible = 0;
			defaultConfigurationName = Release;
		};
		D817EF4419F453F50047F321 /* Build configuration list for PBXNativeTarget "PhotoViewer" */ = {
			isa = XCConfigurationList;
			buildConfigurations = (
				D817EF4519F453F50047F321 /* Debug */,
				D817EF4619F453F50047F321 /* Release */,
			);
			defaultConfigurationIsVisible = 0;
			defaultConfigurationName = Release;
		};
		D817EF4719F453F50047F321 /* Build configuration list for PBXNativeTarget "PhotoViewerTests" */ = {
			isa = XCConfigurationList;
			buildConfigurations = (
				D817EF4819F453F50047F321 /* Debug */,
				D817EF4919F453F50047F321 /* Release */,
			);
			defaultConfigurationIsVisible = 0;
			defaultConfigurationName = Release;
		};
/* End XCConfigurationList section */
	};
	rootObject = D817EF0719F453F50047F321 /* Project object */;
}
