// !$*UTF8*$!
{
	archiveVersion = 1;
	classes = {
	};
	objectVersion = 46;
	objects = {

/* Begin PBXBuildFile section */
		D8F9DCA419C5014200623DED /* Foundation.framework in Frameworks */ = {isa = PBXBuildFile; fileRef = D8F9DCA319C5014200623DED /* Foundation.framework */; };
		D8F9DCA619C5014200623DED /* CoreGraphics.framework in Frameworks */ = {isa = PBXBuildFile; fileRef = D8F9DCA519C5014200623DED /* CoreGraphics.framework */; };
		D8F9DCA819C5014200623DED /* UIKit.framework in Frameworks */ = {isa = PBXBuildFile; fileRef = D8F9DCA719C5014200623DED /* UIKit.framework */; };
		D8F9DCAE19C5014200623DED /* InfoPlist.strings in Resources */ = {isa = PBXBuildFile; fileRef = D8F9DCAC19C5014200623DED /* InfoPlist.strings */; };
		D8F9DCB019C5014200623DED /* main.m in Sources */ = {isa = PBXBuildFile; fileRef = D8F9DCAF19C5014200623DED /* main.m */; };
		D8F9DCB419C5014200623DED /* JCLAppDelegate.m in Sources */ = {isa = PBXBuildFile; fileRef = D8F9DCB319C5014200623DED /* JCLAppDelegate.m */; };
		D8F9DCB719C5014200623DED /* Main.storyboard in Resources */ = {isa = PBXBuildFile; fileRef = D8F9DCB519C5014200623DED /* Main.storyboard */; };
		D8F9DCBA19C5014200623DED /* JCLViewController.m in Sources */ = {isa = PBXBuildFile; fileRef = D8F9DCB919C5014200623DED /* JCLViewController.m */; };
		D8F9DCBC19C5014200623DED /* Images.xcassets in Resources */ = {isa = PBXBuildFile; fileRef = D8F9DCBB19C5014200623DED /* Images.xcassets */; };
		D8F9DCC319C5014200623DED /* XCTest.framework in Frameworks */ = {isa = PBXBuildFile; fileRef = D8F9DCC219C5014200623DED /* XCTest.framework */; };
		D8F9DCC419C5014200623DED /* Foundation.framework in Frameworks */ = {isa = PBXBuildFile; fileRef = D8F9DCA319C5014200623DED /* Foundation.framework */; };
		D8F9DCC519C5014200623DED /* UIKit.framework in Frameworks */ = {isa = PBXBuildFile; fileRef = D8F9DCA719C5014200623DED /* UIKit.framework */; };
		D8F9DCCD19C5014300623DED /* InfoPlist.strings in Resources */ = {isa = PBXBuildFile; fileRef = D8F9DCCB19C5014300623DED /* InfoPlist.strings */; };
		D8F9DCCF19C5014300623DED /* PentominoesTests.m in Sources */ = {isa = PBXBuildFile; fileRef = D8F9DCCE19C5014300623DED /* PentominoesTests.m */; };
/* End PBXBuildFile section */

/* Begin PBXContainerItemProxy section */
		D8F9DCC619C5014200623DED /* PBXContainerItemProxy */ = {
			isa = PBXContainerItemProxy;
			containerPortal = D8F9DC9819C5014200623DED /* Project object */;
			proxyType = 1;
			remoteGlobalIDString = D8F9DC9F19C5014200623DED;
			remoteInfo = Pentominoes;
		};
/* End PBXContainerItemProxy section */

/* Begin PBXFileReference section */
		D8F9DCA019C5014200623DED /* Pentominoes.app */ = {isa = PBXFileReference; explicitFileType = wrapper.application; includeInIndex = 0; path = Pentominoes.app; sourceTree = BUILT_PRODUCTS_DIR; };
		D8F9DCA319C5014200623DED /* Foundation.framework */ = {isa = PBXFileReference; lastKnownFileType = wrapper.framework; name = Foundation.framework; path = System/Library/Frameworks/Foundation.framework; sourceTree = SDKROOT; };
		D8F9DCA519C5014200623DED /* CoreGraphics.framework */ = {isa = PBXFileReference; lastKnownFileType = wrapper.framework; name = CoreGraphics.framework; path = System/Library/Frameworks/CoreGraphics.framework; sourceTree = SDKROOT; };
		D8F9DCA719C5014200623DED /* UIKit.framework */ = {isa = PBXFileReference; lastKnownFileType = wrapper.framework; name = UIKit.framework; path = System/Library/Frameworks/UIKit.framework; sourceTree = SDKROOT; };
		D8F9DCAB19C5014200623DED /* Pentominoes-Info.plist */ = {isa = PBXFileReference; lastKnownFileType = text.plist.xml; path = "Pentominoes-Info.plist"; sourceTree = "<group>"; };
		D8F9DCAD19C5014200623DED /* en */ = {isa = PBXFileReference; lastKnownFileType = text.plist.strings; name = en; path = en.lproj/InfoPlist.strings; sourceTree = "<group>"; };
		D8F9DCAF19C5014200623DED /* main.m */ = {isa = PBXFileReference; lastKnownFileType = sourcecode.c.objc; path = main.m; sourceTree = "<group>"; };
		D8F9DCB119C5014200623DED /* Pentominoes-Prefix.pch */ = {isa = PBXFileReference; lastKnownFileType = sourcecode.c.h; path = "Pentominoes-Prefix.pch"; sourceTree = "<group>"; };
		D8F9DCB219C5014200623DED /* JCLAppDelegate.h */ = {isa = PBXFileReference; lastKnownFileType = sourcecode.c.h; path = JCLAppDelegate.h; sourceTree = "<group>"; };
		D8F9DCB319C5014200623DED /* JCLAppDelegate.m */ = {isa = PBXFileReference; lastKnownFileType = sourcecode.c.objc; path = JCLAppDelegate.m; sourceTree = "<group>"; };
		D8F9DCB619C5014200623DED /* Base */ = {isa = PBXFileReference; lastKnownFileType = file.storyboard; name = Base; path = Base.lproj/Main.storyboard; sourceTree = "<group>"; };
		D8F9DCB819C5014200623DED /* JCLViewController.h */ = {isa = PBXFileReference; lastKnownFileType = sourcecode.c.h; path = JCLViewController.h; sourceTree = "<group>"; };
		D8F9DCB919C5014200623DED /* JCLViewController.m */ = {isa = PBXFileReference; lastKnownFileType = sourcecode.c.objc; path = JCLViewController.m; sourceTree = "<group>"; };
		D8F9DCBB19C5014200623DED /* Images.xcassets */ = {isa = PBXFileReference; lastKnownFileType = folder.assetcatalog; path = Images.xcassets; sourceTree = "<group>"; };
		D8F9DCC119C5014200623DED /* PentominoesTests.xctest */ = {isa = PBXFileReference; explicitFileType = wrapper.cfbundle; includeInIndex = 0; path = PentominoesTests.xctest; sourceTree = BUILT_PRODUCTS_DIR; };
		D8F9DCC219C5014200623DED /* XCTest.framework */ = {isa = PBXFileReference; lastKnownFileType = wrapper.framework; name = XCTest.framework; path = Library/Frameworks/XCTest.framework; sourceTree = DEVELOPER_DIR; };
		D8F9DCCA19C5014200623DED /* PentominoesTests-Info.plist */ = {isa = PBXFileReference; lastKnownFileType = text.plist.xml; path = "PentominoesTests-Info.plist"; sourceTree = "<group>"; };
		D8F9DCCC19C5014300623DED /* en */ = {isa = PBXFileReference; lastKnownFileType = text.plist.strings; name = en; path = en.lproj/InfoPlist.strings; sourceTree = "<group>"; };
		D8F9DCCE19C5014300623DED /* PentominoesTests.m */ = {isa = PBXFileReference; lastKnownFileType = sourcecode.c.objc; path = PentominoesTests.m; sourceTree = "<group>"; };
/* End PBXFileReference section */

/* Begin PBXFrameworksBuildPhase section */
		D8F9DC9D19C5014200623DED /* Frameworks */ = {
			isa = PBXFrameworksBuildPhase;
			buildActionMask = 2147483647;
			files = (
				D8F9DCA619C5014200623DED /* CoreGraphics.framework in Frameworks */,
				D8F9DCA819C5014200623DED /* UIKit.framework in Frameworks */,
				D8F9DCA419C5014200623DED /* Foundation.framework in Frameworks */,
			);
			runOnlyForDeploymentPostprocessing = 0;
		};
		D8F9DCBE19C5014200623DED /* Frameworks */ = {
			isa = PBXFrameworksBuildPhase;
			buildActionMask = 2147483647;
			files = (
				D8F9DCC319C5014200623DED /* XCTest.framework in Frameworks */,
				D8F9DCC519C5014200623DED /* UIKit.framework in Frameworks */,
				D8F9DCC419C5014200623DED /* Foundation.framework in Frameworks */,
			);
			runOnlyForDeploymentPostprocessing = 0;
		};
/* End PBXFrameworksBuildPhase section */

/* Begin PBXGroup section */
		D8F9DC9719C5014200623DED = {
			isa = PBXGroup;
			children = (
				D8F9DCA919C5014200623DED /* Pentominoes */,
				D8F9DCC819C5014200623DED /* PentominoesTests */,
				D8F9DCA219C5014200623DED /* Frameworks */,
				D8F9DCA119C5014200623DED /* Products */,
			);
			sourceTree = "<group>";
		};
		D8F9DCA119C5014200623DED /* Products */ = {
			isa = PBXGroup;
			children = (
				D8F9DCA019C5014200623DED /* Pentominoes.app */,
				D8F9DCC119C5014200623DED /* PentominoesTests.xctest */,
			);
			name = Products;
			sourceTree = "<group>";
		};
		D8F9DCA219C5014200623DED /* Frameworks */ = {
			isa = PBXGroup;
			children = (
				D8F9DCA319C5014200623DED /* Foundation.framework */,
				D8F9DCA519C5014200623DED /* CoreGraphics.framework */,
				D8F9DCA719C5014200623DED /* UIKit.framework */,
				D8F9DCC219C5014200623DED /* XCTest.framework */,
			);
			name = Frameworks;
			sourceTree = "<group>";
		};
		D8F9DCA919C5014200623DED /* Pentominoes */ = {
			isa = PBXGroup;
			children = (
				D8F9DCB219C5014200623DED /* JCLAppDelegate.h */,
				D8F9DCB319C5014200623DED /* JCLAppDelegate.m */,
				D8F9DCB519C5014200623DED /* Main.storyboard */,
				D8F9DCB819C5014200623DED /* JCLViewController.h */,
				D8F9DCB919C5014200623DED /* JCLViewController.m */,
				D8F9DCBB19C5014200623DED /* Images.xcassets */,
				D8F9DCAA19C5014200623DED /* Supporting Files */,
			);
			path = Pentominoes;
			sourceTree = "<group>";
		};
		D8F9DCAA19C5014200623DED /* Supporting Files */ = {
			isa = PBXGroup;
			children = (
				D8F9DCAB19C5014200623DED /* Pentominoes-Info.plist */,
				D8F9DCAC19C5014200623DED /* InfoPlist.strings */,
				D8F9DCAF19C5014200623DED /* main.m */,
				D8F9DCB119C5014200623DED /* Pentominoes-Prefix.pch */,
			);
			name = "Supporting Files";
			sourceTree = "<group>";
		};
		D8F9DCC819C5014200623DED /* PentominoesTests */ = {
			isa = PBXGroup;
			children = (
				D8F9DCCE19C5014300623DED /* PentominoesTests.m */,
				D8F9DCC919C5014200623DED /* Supporting Files */,
			);
			path = PentominoesTests;
			sourceTree = "<group>";
		};
		D8F9DCC919C5014200623DED /* Supporting Files */ = {
			isa = PBXGroup;
			children = (
				D8F9DCCA19C5014200623DED /* PentominoesTests-Info.plist */,
				D8F9DCCB19C5014300623DED /* InfoPlist.strings */,
			);
			name = "Supporting Files";
			sourceTree = "<group>";
		};
/* End PBXGroup section */

/* Begin PBXNativeTarget section */
		D8F9DC9F19C5014200623DED /* Pentominoes */ = {
			isa = PBXNativeTarget;
			buildConfigurationList = D8F9DCD219C5014300623DED /* Build configuration list for PBXNativeTarget "Pentominoes" */;
			buildPhases = (
				D8F9DC9C19C5014200623DED /* Sources */,
				D8F9DC9D19C5014200623DED /* Frameworks */,
				D8F9DC9E19C5014200623DED /* Resources */,
			);
			buildRules = (
			);
			dependencies = (
			);
			name = Pentominoes;
			productName = Pentominoes;
			productReference = D8F9DCA019C5014200623DED /* Pentominoes.app */;
			productType = "com.apple.product-type.application";
		};
		D8F9DCC019C5014200623DED /* PentominoesTests */ = {
			isa = PBXNativeTarget;
			buildConfigurationList = D8F9DCD519C5014300623DED /* Build configuration list for PBXNativeTarget "PentominoesTests" */;
			buildPhases = (
				D8F9DCBD19C5014200623DED /* Sources */,
				D8F9DCBE19C5014200623DED /* Frameworks */,
				D8F9DCBF19C5014200623DED /* Resources */,
			);
			buildRules = (
			);
			dependencies = (
				D8F9DCC719C5014200623DED /* PBXTargetDependency */,
			);
			name = PentominoesTests;
			productName = PentominoesTests;
			productReference = D8F9DCC119C5014200623DED /* PentominoesTests.xctest */;
			productType = "com.apple.product-type.bundle.unit-test";
		};
/* End PBXNativeTarget section */

/* Begin PBXProject section */
		D8F9DC9819C5014200623DED /* Project object */ = {
			isa = PBXProject;
			attributes = {
				CLASSPREFIX = JCL;
				LastUpgradeCheck = 0510;
				ORGANIZATIONNAME = "Joshua Lee";
				TargetAttributes = {
					D8F9DCC019C5014200623DED = {
						TestTargetID = D8F9DC9F19C5014200623DED;
					};
				};
			};
			buildConfigurationList = D8F9DC9B19C5014200623DED /* Build configuration list for PBXProject "Pentominoes" */;
			compatibilityVersion = "Xcode 3.2";
			developmentRegion = English;
			hasScannedForEncodings = 0;
			knownRegions = (
				en,
				Base,
			);
			mainGroup = D8F9DC9719C5014200623DED;
			productRefGroup = D8F9DCA119C5014200623DED /* Products */;
			projectDirPath = "";
			projectRoot = "";
			targets = (
				D8F9DC9F19C5014200623DED /* Pentominoes */,
				D8F9DCC019C5014200623DED /* PentominoesTests */,
			);
		};
/* End PBXProject section */

/* Begin PBXResourcesBuildPhase section */
		D8F9DC9E19C5014200623DED /* Resources */ = {
			isa = PBXResourcesBuildPhase;
			buildActionMask = 2147483647;
			files = (
				D8F9DCBC19C5014200623DED /* Images.xcassets in Resources */,
				D8F9DCAE19C5014200623DED /* InfoPlist.strings in Resources */,
				D8F9DCB719C5014200623DED /* Main.storyboard in Resources */,
			);
			runOnlyForDeploymentPostprocessing = 0;
		};
		D8F9DCBF19C5014200623DED /* Resources */ = {
			isa = PBXResourcesBuildPhase;
			buildActionMask = 2147483647;
			files = (
				D8F9DCCD19C5014300623DED /* InfoPlist.strings in Resources */,
			);
			runOnlyForDeploymentPostprocessing = 0;
		};
/* End PBXResourcesBuildPhase section */

/* Begin PBXSourcesBuildPhase section */
		D8F9DC9C19C5014200623DED /* Sources */ = {
			isa = PBXSourcesBuildPhase;
			buildActionMask = 2147483647;
			files = (
				D8F9DCB419C5014200623DED /* JCLAppDelegate.m in Sources */,
				D8F9DCBA19C5014200623DED /* JCLViewController.m in Sources */,
				D8F9DCB019C5014200623DED /* main.m in Sources */,
			);
			runOnlyForDeploymentPostprocessing = 0;
		};
		D8F9DCBD19C5014200623DED /* Sources */ = {
			isa = PBXSourcesBuildPhase;
			buildActionMask = 2147483647;
			files = (
				D8F9DCCF19C5014300623DED /* PentominoesTests.m in Sources */,
			);
			runOnlyForDeploymentPostprocessing = 0;
		};
/* End PBXSourcesBuildPhase section */

/* Begin PBXTargetDependency section */
		D8F9DCC719C5014200623DED /* PBXTargetDependency */ = {
			isa = PBXTargetDependency;
			target = D8F9DC9F19C5014200623DED /* Pentominoes */;
			targetProxy = D8F9DCC619C5014200623DED /* PBXContainerItemProxy */;
		};
/* End PBXTargetDependency section */

/* Begin PBXVariantGroup section */
		D8F9DCAC19C5014200623DED /* InfoPlist.strings */ = {
			isa = PBXVariantGroup;
			children = (
				D8F9DCAD19C5014200623DED /* en */,
			);
			name = InfoPlist.strings;
			sourceTree = "<group>";
		};
		D8F9DCB519C5014200623DED /* Main.storyboard */ = {
			isa = PBXVariantGroup;
			children = (
				D8F9DCB619C5014200623DED /* Base */,
			);
			name = Main.storyboard;
			sourceTree = "<group>";
		};
		D8F9DCCB19C5014300623DED /* InfoPlist.strings */ = {
			isa = PBXVariantGroup;
			children = (
				D8F9DCCC19C5014300623DED /* en */,
			);
			name = InfoPlist.strings;
			sourceTree = "<group>";
		};
/* End PBXVariantGroup section */

/* Begin XCBuildConfiguration section */
		D8F9DCD019C5014300623DED /* Debug */ = {
			isa = XCBuildConfiguration;
			buildSettings = {
				ALWAYS_SEARCH_USER_PATHS = NO;
				CLANG_CXX_LANGUAGE_STANDARD = "gnu++0x";
				CLANG_CXX_LIBRARY = "libc++";
				CLANG_ENABLE_MODULES = YES;
				CLANG_ENABLE_OBJC_ARC = YES;
				CLANG_WARN_BOOL_CONVERSION = YES;
				CLANG_WARN_CONSTANT_CONVERSION = YES;
				CLANG_WARN_DIRECT_OBJC_ISA_USAGE = YES_ERROR;
				CLANG_WARN_EMPTY_BODY = YES;
				CLANG_WARN_ENUM_CONVERSION = YES;
				CLANG_WARN_INT_CONVERSION = YES;
				CLANG_WARN_OBJC_ROOT_CLASS = YES_ERROR;
				CLANG_WARN__DUPLICATE_METHOD_MATCH = YES;
				"CODE_SIGN_IDENTITY[sdk=iphoneos*]" = "iPhone Developer";
				COPY_PHASE_STRIP = NO;
				GCC_C_LANGUAGE_STANDARD = gnu99;
				GCC_DYNAMIC_NO_PIC = NO;
				GCC_OPTIMIZATION_LEVEL = 0;
				GCC_PREPROCESSOR_DEFINITIONS = (
					"DEBUG=1",
					"$(inherited)",
				);
				GCC_SYMBOLS_PRIVATE_EXTERN = NO;
				GCC_WARN_64_TO_32_BIT_CONVERSION = YES;
				GCC_WARN_ABOUT_RETURN_TYPE = YES_ERROR;
				GCC_WARN_UNDECLARED_SELECTOR = YES;
				GCC_WARN_UNINITIALIZED_AUTOS = YES_AGGRESSIVE;
				GCC_WARN_UNUSED_FUNCTION = YES;
				GCC_WARN_UNUSED_VARIABLE = YES;
				IPHONEOS_DEPLOYMENT_TARGET = 7.1;
				ONLY_ACTIVE_ARCH = YES;
				SDKROOT = iphoneos;
			};
			name = Debug;
		};
		D8F9DCD119C5014300623DED /* Release */ = {
			isa = XCBuildConfiguration;
			buildSettings = {
				ALWAYS_SEARCH_USER_PATHS = NO;
				CLANG_CXX_LANGUAGE_STANDARD = "gnu++0x";
				CLANG_CXX_LIBRARY = "libc++";
				CLANG_ENABLE_MODULES = YES;
				CLANG_ENABLE_OBJC_ARC = YES;
				CLANG_WARN_BOOL_CONVERSION = YES;
				CLANG_WARN_CONSTANT_CONVERSION = YES;
				CLANG_WARN_DIRECT_OBJC_ISA_USAGE = YES_ERROR;
				CLANG_WARN_EMPTY_BODY = YES;
				CLANG_WARN_ENUM_CONVERSION = YES;
				CLANG_WARN_INT_CONVERSION = YES;
				CLANG_WARN_OBJC_ROOT_CLASS = YES_ERROR;
				CLANG_WARN__DUPLICATE_METHOD_MATCH = YES;
				"CODE_SIGN_IDENTITY[sdk=iphoneos*]" = "iPhone Developer";
				COPY_PHASE_STRIP = YES;
				ENABLE_NS_ASSERTIONS = NO;
				GCC_C_LANGUAGE_STANDARD = gnu99;
				GCC_WARN_64_TO_32_BIT_CONVERSION = YES;
				GCC_WARN_ABOUT_RETURN_TYPE = YES_ERROR;
				GCC_WARN_UNDECLARED_SELECTOR = YES;
				GCC_WARN_UNINITIALIZED_AUTOS = YES_AGGRESSIVE;
				GCC_WARN_UNUSED_FUNCTION = YES;
				GCC_WARN_UNUSED_VARIABLE = YES;
				IPHONEOS_DEPLOYMENT_TARGET = 7.1;
				SDKROOT = iphoneos;
				VALIDATE_PRODUCT = YES;
			};
			name = Release;
		};
		D8F9DCD319C5014300623DED /* Debug */ = {
			isa = XCBuildConfiguration;
			buildSettings = {
				ASSETCATALOG_COMPILER_APPICON_NAME = AppIcon;
				ASSETCATALOG_COMPILER_LAUNCHIMAGE_NAME = LaunchImage;
				GCC_PRECOMPILE_PREFIX_HEADER = YES;
				GCC_PREFIX_HEADER = "Pentominoes/Pentominoes-Prefix.pch";
				INFOPLIST_FILE = "Pentominoes/Pentominoes-Info.plist";
				PRODUCT_NAME = "$(TARGET_NAME)";
				WRAPPER_EXTENSION = app;
			};
			name = Debug;
		};
		D8F9DCD419C5014300623DED /* Release */ = {
			isa = XCBuildConfiguration;
			buildSettings = {
				ASSETCATALOG_COMPILER_APPICON_NAME = AppIcon;
				ASSETCATALOG_COMPILER_LAUNCHIMAGE_NAME = LaunchImage;
				GCC_PRECOMPILE_PREFIX_HEADER = YES;
				GCC_PREFIX_HEADER = "Pentominoes/Pentominoes-Prefix.pch";
				INFOPLIST_FILE = "Pentominoes/Pentominoes-Info.plist";
				PRODUCT_NAME = "$(TARGET_NAME)";
				WRAPPER_EXTENSION = app;
			};
			name = Release;
		};
		D8F9DCD619C5014300623DED /* Debug */ = {
			isa = XCBuildConfiguration;
			buildSettings = {
				BUNDLE_LOADER = "$(BUILT_PRODUCTS_DIR)/Pentominoes.app/Pentominoes";
				FRAMEWORK_SEARCH_PATHS = (
					"$(SDKROOT)/Developer/Library/Frameworks",
					"$(inherited)",
					"$(DEVELOPER_FRAMEWORKS_DIR)",
				);
				GCC_PRECOMPILE_PREFIX_HEADER = YES;
				GCC_PREFIX_HEADER = "Pentominoes/Pentominoes-Prefix.pch";
				GCC_PREPROCESSOR_DEFINITIONS = (
					"DEBUG=1",
					"$(inherited)",
				);
				INFOPLIST_FILE = "PentominoesTests/PentominoesTests-Info.plist";
				PRODUCT_NAME = "$(TARGET_NAME)";
				TEST_HOST = "$(BUNDLE_LOADER)";
				WRAPPER_EXTENSION = xctest;
			};
			name = Debug;
		};
		D8F9DCD719C5014300623DED /* Release */ = {
			isa = XCBuildConfiguration;
			buildSettings = {
				BUNDLE_LOADER = "$(BUILT_PRODUCTS_DIR)/Pentominoes.app/Pentominoes";
				FRAMEWORK_SEARCH_PATHS = (
					"$(SDKROOT)/Developer/Library/Frameworks",
					"$(inherited)",
					"$(DEVELOPER_FRAMEWORKS_DIR)",
				);
				GCC_PRECOMPILE_PREFIX_HEADER = YES;
				GCC_PREFIX_HEADER = "Pentominoes/Pentominoes-Prefix.pch";
				INFOPLIST_FILE = "PentominoesTests/PentominoesTests-Info.plist";
				PRODUCT_NAME = "$(TARGET_NAME)";
				TEST_HOST = "$(BUNDLE_LOADER)";
				WRAPPER_EXTENSION = xctest;
			};
			name = Release;
		};
/* End XCBuildConfiguration section */

/* Begin XCConfigurationList section */
		D8F9DC9B19C5014200623DED /* Build configuration list for PBXProject "Pentominoes" */ = {
			isa = XCConfigurationList;
			buildConfigurations = (
				D8F9DCD019C5014300623DED /* Debug */,
				D8F9DCD119C5014300623DED /* Release */,
			);
			defaultConfigurationIsVisible = 0;
			defaultConfigurationName = Release;
		};
		D8F9DCD219C5014300623DED /* Build configuration list for PBXNativeTarget "Pentominoes" */ = {
			isa = XCConfigurationList;
			buildConfigurations = (
				D8F9DCD319C5014300623DED /* Debug */,
				D8F9DCD419C5014300623DED /* Release */,
			);
			defaultConfigurationIsVisible = 0;
		};
		D8F9DCD519C5014300623DED /* Build configuration list for PBXNativeTarget "PentominoesTests" */ = {
			isa = XCConfigurationList;
			buildConfigurations = (
				D8F9DCD619C5014300623DED /* Debug */,
				D8F9DCD719C5014300623DED /* Release */,
			);
			defaultConfigurationIsVisible = 0;
		};
/* End XCConfigurationList section */
	};
	rootObject = D8F9DC9819C5014200623DED /* Project object */;
}
