// !$*UTF8*$!
{
	archiveVersion = 1;
	classes = {
	};
	objectVersion = 46;
	objects = {

/* Begin PBXBuildFile section */
		D813582C1A0EFE10001D856B /* Foundation.framework in Frameworks */ = {isa = PBXBuildFile; fileRef = D813582B1A0EFE10001D856B /* Foundation.framework */; };
		D813582E1A0EFE10001D856B /* CoreGraphics.framework in Frameworks */ = {isa = PBXBuildFile; fileRef = D813582D1A0EFE10001D856B /* CoreGraphics.framework */; };
		D81358301A0EFE10001D856B /* UIKit.framework in Frameworks */ = {isa = PBXBuildFile; fileRef = D813582F1A0EFE10001D856B /* UIKit.framework */; };
		D81358361A0EFE10001D856B /* InfoPlist.strings in Resources */ = {isa = PBXBuildFile; fileRef = D81358341A0EFE10001D856B /* InfoPlist.strings */; };
		D81358381A0EFE10001D856B /* main.m in Sources */ = {isa = PBXBuildFile; fileRef = D81358371A0EFE10001D856B /* main.m */; };
		D813583C1A0EFE10001D856B /* JCLAppDelegate.m in Sources */ = {isa = PBXBuildFile; fileRef = D813583B1A0EFE10001D856B /* JCLAppDelegate.m */; };
		D813583F1A0EFE10001D856B /* Main_iPhone.storyboard in Resources */ = {isa = PBXBuildFile; fileRef = D813583D1A0EFE10001D856B /* Main_iPhone.storyboard */; };
		D81358421A0EFE10001D856B /* Main_iPad.storyboard in Resources */ = {isa = PBXBuildFile; fileRef = D81358401A0EFE10001D856B /* Main_iPad.storyboard */; };
		D81358451A0EFE10001D856B /* JCLViewController.m in Sources */ = {isa = PBXBuildFile; fileRef = D81358441A0EFE10001D856B /* JCLViewController.m */; };
		D81358471A0EFE10001D856B /* Images.xcassets in Resources */ = {isa = PBXBuildFile; fileRef = D81358461A0EFE10001D856B /* Images.xcassets */; };
		D813584E1A0EFE10001D856B /* XCTest.framework in Frameworks */ = {isa = PBXBuildFile; fileRef = D813584D1A0EFE10001D856B /* XCTest.framework */; };
		D813584F1A0EFE10001D856B /* Foundation.framework in Frameworks */ = {isa = PBXBuildFile; fileRef = D813582B1A0EFE10001D856B /* Foundation.framework */; };
		D81358501A0EFE10001D856B /* UIKit.framework in Frameworks */ = {isa = PBXBuildFile; fileRef = D813582F1A0EFE10001D856B /* UIKit.framework */; };
		D81358581A0EFE10001D856B /* InfoPlist.strings in Resources */ = {isa = PBXBuildFile; fileRef = D81358561A0EFE10001D856B /* InfoPlist.strings */; };
		D813585A1A0EFE10001D856B /* Final_Project_ProposalTests.m in Sources */ = {isa = PBXBuildFile; fileRef = D81358591A0EFE10001D856B /* Final_Project_ProposalTests.m */; };
/* End PBXBuildFile section */

/* Begin PBXContainerItemProxy section */
		D81358511A0EFE10001D856B /* PBXContainerItemProxy */ = {
			isa = PBXContainerItemProxy;
			containerPortal = D81358201A0EFE10001D856B /* Project object */;
			proxyType = 1;
			remoteGlobalIDString = D81358271A0EFE10001D856B;
			remoteInfo = "Final Project Proposal";
		};
/* End PBXContainerItemProxy section */

/* Begin PBXFileReference section */
		D81358281A0EFE10001D856B /* Final Project Proposal.app */ = {isa = PBXFileReference; explicitFileType = wrapper.application; includeInIndex = 0; path = "Final Project Proposal.app"; sourceTree = BUILT_PRODUCTS_DIR; };
		D813582B1A0EFE10001D856B /* Foundation.framework */ = {isa = PBXFileReference; lastKnownFileType = wrapper.framework; name = Foundation.framework; path = System/Library/Frameworks/Foundation.framework; sourceTree = SDKROOT; };
		D813582D1A0EFE10001D856B /* CoreGraphics.framework */ = {isa = PBXFileReference; lastKnownFileType = wrapper.framework; name = CoreGraphics.framework; path = System/Library/Frameworks/CoreGraphics.framework; sourceTree = SDKROOT; };
		D813582F1A0EFE10001D856B /* UIKit.framework */ = {isa = PBXFileReference; lastKnownFileType = wrapper.framework; name = UIKit.framework; path = System/Library/Frameworks/UIKit.framework; sourceTree = SDKROOT; };
		D81358331A0EFE10001D856B /* Final Project Proposal-Info.plist */ = {isa = PBXFileReference; lastKnownFileType = text.plist.xml; path = "Final Project Proposal-Info.plist"; sourceTree = "<group>"; };
		D81358351A0EFE10001D856B /* en */ = {isa = PBXFileReference; lastKnownFileType = text.plist.strings; name = en; path = en.lproj/InfoPlist.strings; sourceTree = "<group>"; };
		D81358371A0EFE10001D856B /* main.m */ = {isa = PBXFileReference; lastKnownFileType = sourcecode.c.objc; path = main.m; sourceTree = "<group>"; };
		D81358391A0EFE10001D856B /* Final Project Proposal-Prefix.pch */ = {isa = PBXFileReference; lastKnownFileType = sourcecode.c.h; path = "Final Project Proposal-Prefix.pch"; sourceTree = "<group>"; };
		D813583A1A0EFE10001D856B /* JCLAppDelegate.h */ = {isa = PBXFileReference; lastKnownFileType = sourcecode.c.h; path = JCLAppDelegate.h; sourceTree = "<group>"; };
		D813583B1A0EFE10001D856B /* JCLAppDelegate.m */ = {isa = PBXFileReference; lastKnownFileType = sourcecode.c.objc; path = JCLAppDelegate.m; sourceTree = "<group>"; };
		D813583E1A0EFE10001D856B /* Base */ = {isa = PBXFileReference; lastKnownFileType = file.storyboard; name = Base; path = Base.lproj/Main_iPhone.storyboard; sourceTree = "<group>"; };
		D81358411A0EFE10001D856B /* Base */ = {isa = PBXFileReference; lastKnownFileType = file.storyboard; name = Base; path = Base.lproj/Main_iPad.storyboard; sourceTree = "<group>"; };
		D81358431A0EFE10001D856B /* JCLViewController.h */ = {isa = PBXFileReference; lastKnownFileType = sourcecode.c.h; path = JCLViewController.h; sourceTree = "<group>"; };
		D81358441A0EFE10001D856B /* JCLViewController.m */ = {isa = PBXFileReference; lastKnownFileType = sourcecode.c.objc; path = JCLViewController.m; sourceTree = "<group>"; };
		D81358461A0EFE10001D856B /* Images.xcassets */ = {isa = PBXFileReference; lastKnownFileType = folder.assetcatalog; path = Images.xcassets; sourceTree = "<group>"; };
		D813584C1A0EFE10001D856B /* Final Project ProposalTests.xctest */ = {isa = PBXFileReference; explicitFileType = wrapper.cfbundle; includeInIndex = 0; path = "Final Project ProposalTests.xctest"; sourceTree = BUILT_PRODUCTS_DIR; };
		D813584D1A0EFE10001D856B /* XCTest.framework */ = {isa = PBXFileReference; lastKnownFileType = wrapper.framework; name = XCTest.framework; path = Library/Frameworks/XCTest.framework; sourceTree = DEVELOPER_DIR; };
		D81358551A0EFE10001D856B /* Final Project ProposalTests-Info.plist */ = {isa = PBXFileReference; lastKnownFileType = text.plist.xml; path = "Final Project ProposalTests-Info.plist"; sourceTree = "<group>"; };
		D81358571A0EFE10001D856B /* en */ = {isa = PBXFileReference; lastKnownFileType = text.plist.strings; name = en; path = en.lproj/InfoPlist.strings; sourceTree = "<group>"; };
		D81358591A0EFE10001D856B /* Final_Project_ProposalTests.m */ = {isa = PBXFileReference; lastKnownFileType = sourcecode.c.objc; path = Final_Project_ProposalTests.m; sourceTree = "<group>"; };
/* End PBXFileReference section */

/* Begin PBXFrameworksBuildPhase section */
		D81358251A0EFE10001D856B /* Frameworks */ = {
			isa = PBXFrameworksBuildPhase;
			buildActionMask = 2147483647;
			files = (
				D813582E1A0EFE10001D856B /* CoreGraphics.framework in Frameworks */,
				D81358301A0EFE10001D856B /* UIKit.framework in Frameworks */,
				D813582C1A0EFE10001D856B /* Foundation.framework in Frameworks */,
			);
			runOnlyForDeploymentPostprocessing = 0;
		};
		D81358491A0EFE10001D856B /* Frameworks */ = {
			isa = PBXFrameworksBuildPhase;
			buildActionMask = 2147483647;
			files = (
				D813584E1A0EFE10001D856B /* XCTest.framework in Frameworks */,
				D81358501A0EFE10001D856B /* UIKit.framework in Frameworks */,
				D813584F1A0EFE10001D856B /* Foundation.framework in Frameworks */,
			);
			runOnlyForDeploymentPostprocessing = 0;
		};
/* End PBXFrameworksBuildPhase section */

/* Begin PBXGroup section */
		D813581F1A0EFE10001D856B = {
			isa = PBXGroup;
			children = (
				D81358311A0EFE10001D856B /* Final Project Proposal */,
				D81358531A0EFE10001D856B /* Final Project ProposalTests */,
				D813582A1A0EFE10001D856B /* Frameworks */,
				D81358291A0EFE10001D856B /* Products */,
			);
			sourceTree = "<group>";
		};
		D81358291A0EFE10001D856B /* Products */ = {
			isa = PBXGroup;
			children = (
				D81358281A0EFE10001D856B /* Final Project Proposal.app */,
				D813584C1A0EFE10001D856B /* Final Project ProposalTests.xctest */,
			);
			name = Products;
			sourceTree = "<group>";
		};
		D813582A1A0EFE10001D856B /* Frameworks */ = {
			isa = PBXGroup;
			children = (
				D813582B1A0EFE10001D856B /* Foundation.framework */,
				D813582D1A0EFE10001D856B /* CoreGraphics.framework */,
				D813582F1A0EFE10001D856B /* UIKit.framework */,
				D813584D1A0EFE10001D856B /* XCTest.framework */,
			);
			name = Frameworks;
			sourceTree = "<group>";
		};
		D81358311A0EFE10001D856B /* Final Project Proposal */ = {
			isa = PBXGroup;
			children = (
				D813583A1A0EFE10001D856B /* JCLAppDelegate.h */,
				D813583B1A0EFE10001D856B /* JCLAppDelegate.m */,
				D813583D1A0EFE10001D856B /* Main_iPhone.storyboard */,
				D81358401A0EFE10001D856B /* Main_iPad.storyboard */,
				D81358431A0EFE10001D856B /* JCLViewController.h */,
				D81358441A0EFE10001D856B /* JCLViewController.m */,
				D81358461A0EFE10001D856B /* Images.xcassets */,
				D81358321A0EFE10001D856B /* Supporting Files */,
			);
			path = "Final Project Proposal";
			sourceTree = "<group>";
		};
		D81358321A0EFE10001D856B /* Supporting Files */ = {
			isa = PBXGroup;
			children = (
				D81358331A0EFE10001D856B /* Final Project Proposal-Info.plist */,
				D81358341A0EFE10001D856B /* InfoPlist.strings */,
				D81358371A0EFE10001D856B /* main.m */,
				D81358391A0EFE10001D856B /* Final Project Proposal-Prefix.pch */,
			);
			name = "Supporting Files";
			sourceTree = "<group>";
		};
		D81358531A0EFE10001D856B /* Final Project ProposalTests */ = {
			isa = PBXGroup;
			children = (
				D81358591A0EFE10001D856B /* Final_Project_ProposalTests.m */,
				D81358541A0EFE10001D856B /* Supporting Files */,
			);
			path = "Final Project ProposalTests";
			sourceTree = "<group>";
		};
		D81358541A0EFE10001D856B /* Supporting Files */ = {
			isa = PBXGroup;
			children = (
				D81358551A0EFE10001D856B /* Final Project ProposalTests-Info.plist */,
				D81358561A0EFE10001D856B /* InfoPlist.strings */,
			);
			name = "Supporting Files";
			sourceTree = "<group>";
		};
/* End PBXGroup section */

/* Begin PBXNativeTarget section */
		D81358271A0EFE10001D856B /* Final Project Proposal */ = {
			isa = PBXNativeTarget;
			buildConfigurationList = D813585D1A0EFE10001D856B /* Build configuration list for PBXNativeTarget "Final Project Proposal" */;
			buildPhases = (
				D81358241A0EFE10001D856B /* Sources */,
				D81358251A0EFE10001D856B /* Frameworks */,
				D81358261A0EFE10001D856B /* Resources */,
			);
			buildRules = (
			);
			dependencies = (
			);
			name = "Final Project Proposal";
			productName = "Final Project Proposal";
			productReference = D81358281A0EFE10001D856B /* Final Project Proposal.app */;
			productType = "com.apple.product-type.application";
		};
		D813584B1A0EFE10001D856B /* Final Project ProposalTests */ = {
			isa = PBXNativeTarget;
			buildConfigurationList = D81358601A0EFE10001D856B /* Build configuration list for PBXNativeTarget "Final Project ProposalTests" */;
			buildPhases = (
				D81358481A0EFE10001D856B /* Sources */,
				D81358491A0EFE10001D856B /* Frameworks */,
				D813584A1A0EFE10001D856B /* Resources */,
			);
			buildRules = (
			);
			dependencies = (
				D81358521A0EFE10001D856B /* PBXTargetDependency */,
			);
			name = "Final Project ProposalTests";
			productName = "Final Project ProposalTests";
			productReference = D813584C1A0EFE10001D856B /* Final Project ProposalTests.xctest */;
			productType = "com.apple.product-type.bundle.unit-test";
		};
/* End PBXNativeTarget section */

/* Begin PBXProject section */
		D81358201A0EFE10001D856B /* Project object */ = {
			isa = PBXProject;
			attributes = {
				CLASSPREFIX = JCL;
				LastUpgradeCheck = 0510;
				ORGANIZATIONNAME = "Joshua Lee";
				TargetAttributes = {
					D813584B1A0EFE10001D856B = {
						TestTargetID = D81358271A0EFE10001D856B;
					};
				};
			};
			buildConfigurationList = D81358231A0EFE10001D856B /* Build configuration list for PBXProject "Final Project Proposal" */;
			compatibilityVersion = "Xcode 3.2";
			developmentRegion = English;
			hasScannedForEncodings = 0;
			knownRegions = (
				en,
				Base,
			);
			mainGroup = D813581F1A0EFE10001D856B;
			productRefGroup = D81358291A0EFE10001D856B /* Products */;
			projectDirPath = "";
			projectRoot = "";
			targets = (
				D81358271A0EFE10001D856B /* Final Project Proposal */,
				D813584B1A0EFE10001D856B /* Final Project ProposalTests */,
			);
		};
/* End PBXProject section */

/* Begin PBXResourcesBuildPhase section */
		D81358261A0EFE10001D856B /* Resources */ = {
			isa = PBXResourcesBuildPhase;
			buildActionMask = 2147483647;
			files = (
				D81358421A0EFE10001D856B /* Main_iPad.storyboard in Resources */,
				D81358471A0EFE10001D856B /* Images.xcassets in Resources */,
				D813583F1A0EFE10001D856B /* Main_iPhone.storyboard in Resources */,
				D81358361A0EFE10001D856B /* InfoPlist.strings in Resources */,
			);
			runOnlyForDeploymentPostprocessing = 0;
		};
		D813584A1A0EFE10001D856B /* Resources */ = {
			isa = PBXResourcesBuildPhase;
			buildActionMask = 2147483647;
			files = (
				D81358581A0EFE10001D856B /* InfoPlist.strings in Resources */,
			);
			runOnlyForDeploymentPostprocessing = 0;
		};
/* End PBXResourcesBuildPhase section */

/* Begin PBXSourcesBuildPhase section */
		D81358241A0EFE10001D856B /* Sources */ = {
			isa = PBXSourcesBuildPhase;
			buildActionMask = 2147483647;
			files = (
				D813583C1A0EFE10001D856B /* JCLAppDelegate.m in Sources */,
				D81358451A0EFE10001D856B /* JCLViewController.m in Sources */,
				D81358381A0EFE10001D856B /* main.m in Sources */,
			);
			runOnlyForDeploymentPostprocessing = 0;
		};
		D81358481A0EFE10001D856B /* Sources */ = {
			isa = PBXSourcesBuildPhase;
			buildActionMask = 2147483647;
			files = (
				D813585A1A0EFE10001D856B /* Final_Project_ProposalTests.m in Sources */,
			);
			runOnlyForDeploymentPostprocessing = 0;
		};
/* End PBXSourcesBuildPhase section */

/* Begin PBXTargetDependency section */
		D81358521A0EFE10001D856B /* PBXTargetDependency */ = {
			isa = PBXTargetDependency;
			target = D81358271A0EFE10001D856B /* Final Project Proposal */;
			targetProxy = D81358511A0EFE10001D856B /* PBXContainerItemProxy */;
		};
/* End PBXTargetDependency section */

/* Begin PBXVariantGroup section */
		D81358341A0EFE10001D856B /* InfoPlist.strings */ = {
			isa = PBXVariantGroup;
			children = (
				D81358351A0EFE10001D856B /* en */,
			);
			name = InfoPlist.strings;
			sourceTree = "<group>";
		};
		D813583D1A0EFE10001D856B /* Main_iPhone.storyboard */ = {
			isa = PBXVariantGroup;
			children = (
				D813583E1A0EFE10001D856B /* Base */,
			);
			name = Main_iPhone.storyboard;
			sourceTree = "<group>";
		};
		D81358401A0EFE10001D856B /* Main_iPad.storyboard */ = {
			isa = PBXVariantGroup;
			children = (
				D81358411A0EFE10001D856B /* Base */,
			);
			name = Main_iPad.storyboard;
			sourceTree = "<group>";
		};
		D81358561A0EFE10001D856B /* InfoPlist.strings */ = {
			isa = PBXVariantGroup;
			children = (
				D81358571A0EFE10001D856B /* en */,
			);
			name = InfoPlist.strings;
			sourceTree = "<group>";
		};
/* End PBXVariantGroup section */

/* Begin XCBuildConfiguration section */
		D813585B1A0EFE10001D856B /* Debug */ = {
			isa = XCBuildConfiguration;
			buildSettings = {
				ALWAYS_SEARCH_USER_PATHS = NO;
				CLANG_CXX_LANGUAGE_STANDARD = "gnu++0x";
				CLANG_CXX_LIBRARY = "libc++";
				CLANG_ENABLE_MODULES = YES;
				CLANG_ENABLE_OBJC_ARC = YES;
				CLANG_WARN_BOOL_CONVERSION = YES;
				CLANG_WARN_CONSTANT_CONVERSION = YES;
				CLANG_WARN_DIRECT_OBJC_ISA_USAGE = YES_ERROR;
				CLANG_WARN_EMPTY_BODY = YES;
				CLANG_WARN_ENUM_CONVERSION = YES;
				CLANG_WARN_INT_CONVERSION = YES;
				CLANG_WARN_OBJC_ROOT_CLASS = YES_ERROR;
				CLANG_WARN__DUPLICATE_METHOD_MATCH = YES;
				"CODE_SIGN_IDENTITY[sdk=iphoneos*]" = "iPhone Developer";
				COPY_PHASE_STRIP = NO;
				GCC_C_LANGUAGE_STANDARD = gnu99;
				GCC_DYNAMIC_NO_PIC = NO;
				GCC_OPTIMIZATION_LEVEL = 0;
				GCC_PREPROCESSOR_DEFINITIONS = (
					"DEBUG=1",
					"$(inherited)",
				);
				GCC_SYMBOLS_PRIVATE_EXTERN = NO;
				GCC_WARN_64_TO_32_BIT_CONVERSION = YES;
				GCC_WARN_ABOUT_RETURN_TYPE = YES_ERROR;
				GCC_WARN_UNDECLARED_SELECTOR = YES;
				GCC_WARN_UNINITIALIZED_AUTOS = YES_AGGRESSIVE;
				GCC_WARN_UNUSED_FUNCTION = YES;
				GCC_WARN_UNUSED_VARIABLE = YES;
				IPHONEOS_DEPLOYMENT_TARGET = 7.1;
				ONLY_ACTIVE_ARCH = YES;
				SDKROOT = iphoneos;
				TARGETED_DEVICE_FAMILY = "1,2";
			};
			name = Debug;
		};
		D813585C1A0EFE10001D856B /* Release */ = {
			isa = XCBuildConfiguration;
			buildSettings = {
				ALWAYS_SEARCH_USER_PATHS = NO;
				CLANG_CXX_LANGUAGE_STANDARD = "gnu++0x";
				CLANG_CXX_LIBRARY = "libc++";
				CLANG_ENABLE_MODULES = YES;
				CLANG_ENABLE_OBJC_ARC = YES;
				CLANG_WARN_BOOL_CONVERSION = YES;
				CLANG_WARN_CONSTANT_CONVERSION = YES;
				CLANG_WARN_DIRECT_OBJC_ISA_USAGE = YES_ERROR;
				CLANG_WARN_EMPTY_BODY = YES;
				CLANG_WARN_ENUM_CONVERSION = YES;
				CLANG_WARN_INT_CONVERSION = YES;
				CLANG_WARN_OBJC_ROOT_CLASS = YES_ERROR;
				CLANG_WARN__DUPLICATE_METHOD_MATCH = YES;
				"CODE_SIGN_IDENTITY[sdk=iphoneos*]" = "iPhone Developer";
				COPY_PHASE_STRIP = YES;
				ENABLE_NS_ASSERTIONS = NO;
				GCC_C_LANGUAGE_STANDARD = gnu99;
				GCC_WARN_64_TO_32_BIT_CONVERSION = YES;
				GCC_WARN_ABOUT_RETURN_TYPE = YES_ERROR;
				GCC_WARN_UNDECLARED_SELECTOR = YES;
				GCC_WARN_UNINITIALIZED_AUTOS = YES_AGGRESSIVE;
				GCC_WARN_UNUSED_FUNCTION = YES;
				GCC_WARN_UNUSED_VARIABLE = YES;
				IPHONEOS_DEPLOYMENT_TARGET = 7.1;
				SDKROOT = iphoneos;
				TARGETED_DEVICE_FAMILY = "1,2";
				VALIDATE_PRODUCT = YES;
			};
			name = Release;
		};
		D813585E1A0EFE10001D856B /* Debug */ = {
			isa = XCBuildConfiguration;
			buildSettings = {
				ASSETCATALOG_COMPILER_APPICON_NAME = AppIcon;
				ASSETCATALOG_COMPILER_LAUNCHIMAGE_NAME = LaunchImage;
				GCC_PRECOMPILE_PREFIX_HEADER = YES;
				GCC_PREFIX_HEADER = "Final Project Proposal/Final Project Proposal-Prefix.pch";
				INFOPLIST_FILE = "Final Project Proposal/Final Project Proposal-Info.plist";
				PRODUCT_NAME = "$(TARGET_NAME)";
				WRAPPER_EXTENSION = app;
			};
			name = Debug;
		};
		D813585F1A0EFE10001D856B /* Release */ = {
			isa = XCBuildConfiguration;
			buildSettings = {
				ASSETCATALOG_COMPILER_APPICON_NAME = AppIcon;
				ASSETCATALOG_COMPILER_LAUNCHIMAGE_NAME = LaunchImage;
				GCC_PRECOMPILE_PREFIX_HEADER = YES;
				GCC_PREFIX_HEADER = "Final Project Proposal/Final Project Proposal-Prefix.pch";
				INFOPLIST_FILE = "Final Project Proposal/Final Project Proposal-Info.plist";
				PRODUCT_NAME = "$(TARGET_NAME)";
				WRAPPER_EXTENSION = app;
			};
			name = Release;
		};
		D81358611A0EFE10001D856B /* Debug */ = {
			isa = XCBuildConfiguration;
			buildSettings = {
				BUNDLE_LOADER = "$(BUILT_PRODUCTS_DIR)/Final Project Proposal.app/Final Project Proposal";
				FRAMEWORK_SEARCH_PATHS = (
					"$(SDKROOT)/Developer/Library/Frameworks",
					"$(inherited)",
					"$(DEVELOPER_FRAMEWORKS_DIR)",
				);
				GCC_PRECOMPILE_PREFIX_HEADER = YES;
				GCC_PREFIX_HEADER = "Final Project Proposal/Final Project Proposal-Prefix.pch";
				GCC_PREPROCESSOR_DEFINITIONS = (
					"DEBUG=1",
					"$(inherited)",
				);
				INFOPLIST_FILE = "Final Project ProposalTests/Final Project ProposalTests-Info.plist";
				PRODUCT_NAME = "$(TARGET_NAME)";
				TEST_HOST = "$(BUNDLE_LOADER)";
				WRAPPER_EXTENSION = xctest;
			};
			name = Debug;
		};
		D81358621A0EFE10001D856B /* Release */ = {
			isa = XCBuildConfiguration;
			buildSettings = {
				BUNDLE_LOADER = "$(BUILT_PRODUCTS_DIR)/Final Project Proposal.app/Final Project Proposal";
				FRAMEWORK_SEARCH_PATHS = (
					"$(SDKROOT)/Developer/Library/Frameworks",
					"$(inherited)",
					"$(DEVELOPER_FRAMEWORKS_DIR)",
				);
				GCC_PRECOMPILE_PREFIX_HEADER = YES;
				GCC_PREFIX_HEADER = "Final Project Proposal/Final Project Proposal-Prefix.pch";
				INFOPLIST_FILE = "Final Project ProposalTests/Final Project ProposalTests-Info.plist";
				PRODUCT_NAME = "$(TARGET_NAME)";
				TEST_HOST = "$(BUNDLE_LOADER)";
				WRAPPER_EXTENSION = xctest;
			};
			name = Release;
		};
/* End XCBuildConfiguration section */

/* Begin XCConfigurationList section */
		D81358231A0EFE10001D856B /* Build configuration list for PBXProject "Final Project Proposal" */ = {
			isa = XCConfigurationList;
			buildConfigurations = (
				D813585B1A0EFE10001D856B /* Debug */,
				D813585C1A0EFE10001D856B /* Release */,
			);
			defaultConfigurationIsVisible = 0;
			defaultConfigurationName = Release;
		};
		D813585D1A0EFE10001D856B /* Build configuration list for PBXNativeTarget "Final Project Proposal" */ = {
			isa = XCConfigurationList;
			buildConfigurations = (
				D813585E1A0EFE10001D856B /* Debug */,
				D813585F1A0EFE10001D856B /* Release */,
			);
			defaultConfigurationIsVisible = 0;
		};
		D81358601A0EFE10001D856B /* Build configuration list for PBXNativeTarget "Final Project ProposalTests" */ = {
			isa = XCConfigurationList;
			buildConfigurations = (
				D81358611A0EFE10001D856B /* Debug */,
				D81358621A0EFE10001D856B /* Release */,
			);
			defaultConfigurationIsVisible = 0;
		};
/* End XCConfigurationList section */
	};
	rootObject = D81358201A0EFE10001D856B /* Project object */;
}
